
Microsoft Visual Studio Solution File, Format Version 12.00
# Visual Studio Version 17
VisualStudioVersion = 17.9.34622.214
MinimumVisualStudioVersion = 10.0.40219.1
Project("{FAE04EC0-301F-11D3-BF4B-00C04F79EFBC}") = "XadrezConsole", "XadrezConsole\XadrezConsole.csproj", "{DA9ABE3D-949C-47B9-9758-C19AA8E8D12B}"
EndProject
Global
	GlobalSection(SolutionConfigurationPlatforms) = preSolution
		Debug|Any CPU = Debug|Any CPU
		Release|Any CPU = Release|Any CPU
	EndGlobalSection
	GlobalSection(ProjectConfigurationPlatforms) = postSolution
		{DA9ABE3D-949C-47B9-9758-C19AA8E8D12B}.Debug|Any CPU.ActiveCfg = Debug|Any CPU
		{DA9ABE3D-949C-47B9-9758-C19AA8E8D12B}.Debug|Any CPU.Build.0 = Debug|Any CPU
		{DA9ABE3D-949C-47B9-9758-C19AA8E8D12B}.Release|Any CPU.ActiveCfg = Release|Any CPU
		{DA9ABE3D-949C-47B9-9758-C19AA8E8D12B}.Release|Any CPU.Build.0 = Release|Any CPU
	EndGlobalSection
	GlobalSection(SolutionProperties) = preSolution
		HideSolutionNode = FALSE
	EndGlobalSection
	GlobalSection(ExtensibilityGlobals) = postSolution
		SolutionGuid = {44042DFF-78D7-4B80-8A69-B6DBC9C42C4A}
	EndGlobalSection
EndGlobal
